{
  "nodes": {
    "nixCats": {
      "locked": {
        "lastModified": 1758545673,
        "narHash": "sha256-MMcEImF7vHqImzrdRlSFCbzGq0ebi/5eSYwypNGr+AA=",
        "owner": "BirdeeHub",
        "repo": "nixCats-nvim",
        "rev": "91f9a4b4605cc3aed835e180eb58a5bd73236407",
        "type": "github"
      },
      "original": {
        "owner": "BirdeeHub",
        "repo": "nixCats-nvim",
        "type": "github"
      }
    },
    "nixpkgs": {
      "locked": {
        "lastModified": 1758446476,
        "narHash": "sha256-5rdAi7CTvM/kSs6fHe1bREIva5W3TbImsto+dxG4mBo=",
        "owner": "nixos",
        "repo": "nixpkgs",
        "rev": "a1f79a1770d05af18111fbbe2a3ab2c42c0f6cd0",
        "type": "github"
      },
      "original": {
        "owner": "nixos",
        "ref": "nixpkgs-unstable",
        "repo": "nixpkgs",
        "type": "github"
      }
    },
    "plugins-blink-ripgrep": {
      "flake": false,
      "locked": {
        "lastModified": 1758667238,
        "narHash": "sha256-STzODf2iMzZ1XC+2SQYtIWhsy6MWYN4XTz2XnmQLOes=",
        "owner": "mikavilpas",
        "repo": "blink-ripgrep.nvim",
        "rev": "6cb91640ac13df23c0fcb07b2de793d9148ffef2",
        "type": "github"
      },
      "original": {
        "owner": "mikavilpas",
        "repo": "blink-ripgrep.nvim",
        "type": "github"
      }
    },
    "plugins-pomo-nvim": {
      "flake": false,
      "locked": {
        "lastModified": 1722376269,
        "narHash": "sha256-tJ2TrypKnCnQm+6FDjX0KDr+UNoBBVvGIm+uWJtpNLc=",
        "owner": "epwalsh",
        "repo": "pomo.nvim",
        "rev": "aa8decc421d89be0f10b1fc6a602cdd269f350ff",
        "type": "github"
      },
      "original": {
        "owner": "epwalsh",
        "repo": "pomo.nvim",
        "type": "github"
      }
    },
    "root": {
      "inputs": {
        "nixCats": "nixCats",
        "nixpkgs": "nixpkgs",
        "plugins-blink-ripgrep": "plugins-blink-ripgrep",
        "plugins-pomo-nvim": "plugins-pomo-nvim"
      }
    }
  },
  "root": "root",
  "version": 7
}
