{
  "nodes": {
    "nixCats": {
      "locked": {
        "lastModified": 1741608660,
        "narHash": "sha256-qikkAmt+z7fN2Zq6lU54x5nZ1KlE97wVAwaJk+/1PkI=",
        "owner": "BirdeeHub",
        "repo": "nixCats-nvim",
        "rev": "ad8d22d086cfb7a1cb0e9fda1fb871bbe370c942",
        "type": "github"
      },
      "original": {
        "owner": "BirdeeHub",
        "repo": "nixCats-nvim",
        "type": "github"
      }
    },
    "nixpkgs": {
      "locked": {
        "lastModified": 1741462378,
        "narHash": "sha256-ZF3YOjq+vTcH51S+qWa1oGA9FgmdJ67nTNPG2OIlXDc=",
        "owner": "nixos",
        "repo": "nixpkgs",
        "rev": "2d9e4457f8e83120c9fdf6f1707ed0bc603e5ac9",
        "type": "github"
      },
      "original": {
        "owner": "nixos",
        "ref": "nixpkgs-unstable",
        "repo": "nixpkgs",
        "type": "github"
      }
    },
    "plugins-blink-ripgrep": {
      "flake": false,
      "locked": {
        "lastModified": 1741415505,
        "narHash": "sha256-lEt5AUSyezmlthSj3KUHJ9cX4pQnB2/31j8bklIp5Mk=",
        "owner": "mikavilpas",
        "repo": "blink-ripgrep.nvim",
        "rev": "91aee73557237b0cc1313e4ed2b32f10de6cc65e",
        "type": "github"
      },
      "original": {
        "owner": "mikavilpas",
        "repo": "blink-ripgrep.nvim",
        "type": "github"
      }
    },
    "plugins-pomo-nvim": {
      "flake": false,
      "locked": {
        "lastModified": 1722376269,
        "narHash": "sha256-tJ2TrypKnCnQm+6FDjX0KDr+UNoBBVvGIm+uWJtpNLc=",
        "owner": "epwalsh",
        "repo": "pomo.nvim",
        "rev": "aa8decc421d89be0f10b1fc6a602cdd269f350ff",
        "type": "github"
      },
      "original": {
        "owner": "epwalsh",
        "repo": "pomo.nvim",
        "type": "github"
      }
    },
    "root": {
      "inputs": {
        "nixCats": "nixCats",
        "nixpkgs": "nixpkgs",
        "plugins-blink-ripgrep": "plugins-blink-ripgrep",
        "plugins-pomo-nvim": "plugins-pomo-nvim"
      }
    }
  },
  "root": "root",
  "version": 7
}
