{
  "nodes": {
    "nixCats": {
      "locked": {
        "lastModified": 1777273601,
        "narHash": "sha256-xBUa8Tl9V7IXI+VmLEuDc81La/EhoSn1C3EVSnJ3cfU=",
        "owner": "BirdeeHub",
        "repo": "nixCats-nvim",
        "rev": "f69ea013e328841a7def7037ed59788a76be8816",
        "type": "github"
      },
      "original": {
        "owner": "BirdeeHub",
        "repo": "nixCats-nvim",
        "type": "github"
      }
    },
    "nixpkgs": {
      "locked": {
        "lastModified": 1777548390,
        "narHash": "sha256-WacE23EbHTsBKvr8cu+1DFNbP6Rh1brHUH5SDUI0NQI=",
        "owner": "nixos",
        "repo": "nixpkgs",
        "rev": "7aaa00e7cc9be6c316cb5f6617bd740dd435c59d",
        "type": "github"
      },
      "original": {
        "owner": "nixos",
        "ref": "nixpkgs-unstable",
        "repo": "nixpkgs",
        "type": "github"
      }
    },
    "plugins-blink-ripgrep": {
      "flake": false,
      "locked": {
        "lastModified": 1777643045,
        "narHash": "sha256-Evj4bbFbFjjZ2AupTZYO1rAk3d6g9as0U/d1f9KWNQg=",
        "owner": "mikavilpas",
        "repo": "blink-ripgrep.nvim",
        "rev": "be47ea9ba970bfd2d92949599bb531357851eb01",
        "type": "github"
      },
      "original": {
        "owner": "mikavilpas",
        "repo": "blink-ripgrep.nvim",
        "type": "github"
      }
    },
    "plugins-pomo-nvim": {
      "flake": false,
      "locked": {
        "lastModified": 1722376269,
        "narHash": "sha256-tJ2TrypKnCnQm+6FDjX0KDr+UNoBBVvGIm+uWJtpNLc=",
        "owner": "epwalsh",
        "repo": "pomo.nvim",
        "rev": "aa8decc421d89be0f10b1fc6a602cdd269f350ff",
        "type": "github"
      },
      "original": {
        "owner": "epwalsh",
        "repo": "pomo.nvim",
        "type": "github"
      }
    },
    "root": {
      "inputs": {
        "nixCats": "nixCats",
        "nixpkgs": "nixpkgs",
        "plugins-blink-ripgrep": "plugins-blink-ripgrep",
        "plugins-pomo-nvim": "plugins-pomo-nvim"
      }
    }
  },
  "root": "root",
  "version": 7
}
